
Microsoft Visual Studio Solution File, Format Version 11.00
# Visual Studio 2010
Project("{F184B08F-C81C-45F6-A57F-5ABD9991F28F}") = "POS", "POS\POS.vbproj", "{CC39090A-A2D8-4447-B05B-895F1D6C6558}"
EndProject
Global
	GlobalSection(SolutionConfigurationPlatforms) = preSolution
		Debug|x86 = Debug|x86
		Release|x86 = Release|x86
	EndGlobalSection
	GlobalSection(ProjectConfigurationPlatforms) = postSolution
		{CC39090A-A2D8-4447-B05B-895F1D6C6558}.Debug|x86.ActiveCfg = Debug|x86
		{CC39090A-A2D8-4447-B05B-895F1D6C6558}.Debug|x86.Build.0 = Debug|x86
		{CC39090A-A2D8-4447-B05B-895F1D6C6558}.Release|x86.ActiveCfg = Release|x86
		{CC39090A-A2D8-4447-B05B-895F1D6C6558}.Release|x86.Build.0 = Release|x86
	EndGlobalSection
	GlobalSection(SolutionProperties) = preSolution
		HideSolutionNode = FALSE
	EndGlobalSection
EndGlobal
